
Microsoft Visual Studio Solution File, Format Version 12.00
# Visual Studio Version 17
VisualStudioVersion = 17.3.32929.385
MinimumVisualStudioVersion = 10.0.40219.1
Project("{FAE04EC0-301F-11D3-BF4B-00C04F79EFBC}") = "DATA", "DATA\DATA.csproj", "{8826F557-8DEF-42EA-95C4-6A12245D5354}"
EndProject
Project("{FAE04EC0-301F-11D3-BF4B-00C04F79EFBC}") = "WebApplication", "WebApplication\WebApplication.csproj", "{039A0088-6F05-485D-B033-E595593B999E}"
EndProject
Global
	GlobalSection(SolutionConfigurationPlatforms) = preSolution
		Debug|Any CPU = Debug|Any CPU
		Release|Any CPU = Release|Any CPU
	EndGlobalSection
	GlobalSection(ProjectConfigurationPlatforms) = postSolution
		{8826F557-8DEF-42EA-95C4-6A12245D5354}.Debug|Any CPU.ActiveCfg = Debug|Any CPU
		{8826F557-8DEF-42EA-95C4-6A12245D5354}.Debug|Any CPU.Build.0 = Debug|Any CPU
		{8826F557-8DEF-42EA-95C4-6A12245D5354}.Release|Any CPU.ActiveCfg = Release|Any CPU
		{8826F557-8DEF-42EA-95C4-6A12245D5354}.Release|Any CPU.Build.0 = Release|Any CPU
		{039A0088-6F05-485D-B033-E595593B999E}.Debug|Any CPU.ActiveCfg = Debug|Any CPU
		{039A0088-6F05-485D-B033-E595593B999E}.Debug|Any CPU.Build.0 = Debug|Any CPU
		{039A0088-6F05-485D-B033-E595593B999E}.Release|Any CPU.ActiveCfg = Release|Any CPU
		{039A0088-6F05-485D-B033-E595593B999E}.Release|Any CPU.Build.0 = Release|Any CPU
	EndGlobalSection
	GlobalSection(SolutionProperties) = preSolution
		HideSolutionNode = FALSE
	EndGlobalSection
	GlobalSection(ExtensibilityGlobals) = postSolution
		SolutionGuid = {5452993D-98A7-4069-83F1-EAB498A33C36}
	EndGlobalSection
EndGlobal
